schema: '2.0'
stages:
  train:
    cmd: python train.py
    deps:
    - path: data/
      md5: d0cda4b5ad470a338c34219f4855d807.dir
      size: 63569557
      nfiles: 11
    outs:
    - path: confusion_matrix.png
      md5: b5a215da4efc0455c4de85ee57eb23f2
      size: 21024
    - path: model.joblib
      md5: 6e3f72ee374d92db27749a4927e90b52
      size: 3158
    - path: scores.json
      md5: 87aa49b622b0456a6d89dede4fd840f3
      size: 24
