schema: '2.0'
stages:
  train:
    cmd: python train.py
    deps:
    - path: data/
      md5: 2b4e6fdc5ca4e6e9e625dc8444442a52.dir
      size: 1257579175
      nfiles: 15
    outs:
    - path: confusion_matrix.png
      md5: 141f8fc23be3ebb8153d286a3cfea6ce
      size: 65717
    - path: model.joblib
      md5: ca9f5919b9ab52269c2f12891b59ac83
      size: 63640
    - path: scores.json
      md5: 76f1855637bda5ca85536d491c6f0164
      size: 24
