schema: '2.0'
stages:
  train:
    cmd: python train.py
    deps:
    - path: data/
      md5: cc40d3ef72e66bc4d64c0c630c516399.dir
      size: 63569556
      nfiles: 11
    outs:
    - path: confusion_matrix.png
      md5: 2a6566406e92120e0c65fdc9a61fb172
      size: 31359
    - path: model.pth
      md5: 142489398330cabb57b853800fd8dc97
      size: 140641972
    - path: scores.json
      md5: 6300a960af5e387ac755bd366bad35dc
      size: 36
